
Microsoft Visual Studio Solution File, Format Version 12.00
# Visual Studio Version 16
VisualStudioVersion = 16.0.30225.117
MinimumVisualStudioVersion = 10.0.40219.1
Project("{FAE04EC0-301F-11D3-BF4B-00C04F79EFBC}") = "Ders3", "Ders3.csproj", "{A0B5A34B-2D7C-4BB7-84F2-57C05D628693}"
EndProject
Global
	GlobalSection(SolutionConfigurationPlatforms) = preSolution
		Debug|Any CPU = Debug|Any CPU
		Release|Any CPU = Release|Any CPU
	EndGlobalSection
	GlobalSection(ProjectConfigurationPlatforms) = postSolution
		{A0B5A34B-2D7C-4BB7-84F2-57C05D628693}.Debug|Any CPU.ActiveCfg = Debug|Any CPU
		{A0B5A34B-2D7C-4BB7-84F2-57C05D628693}.Debug|Any CPU.Build.0 = Debug|Any CPU
		{A0B5A34B-2D7C-4BB7-84F2-57C05D628693}.Release|Any CPU.ActiveCfg = Release|Any CPU
		{A0B5A34B-2D7C-4BB7-84F2-57C05D628693}.Release|Any CPU.Build.0 = Release|Any CPU
	EndGlobalSection
	GlobalSection(SolutionProperties) = preSolution
		HideSolutionNode = FALSE
	EndGlobalSection
	GlobalSection(ExtensibilityGlobals) = postSolution
		SolutionGuid = {A97D1665-A725-4EA8-80A8-200AF4FC677C}
	EndGlobalSection
EndGlobal
